
Microsoft Visual Studio Solution File, Format Version 12.00
# Visual Studio 14
VisualStudioVersion = 14.0.25420.1
MinimumVisualStudioVersion = 10.0.40219.1
Project("{8BC9CEB8-8B4A-11D0-8D11-00A0C91BC942}") = "emptyfridge", "emptyfridge.vcxproj", "{50EB9794-AB25-4E1E-99BC-FCE5F5ED97C9}"
EndProject
Project("{888888A0-9F3D-457C-B088-3A5042F75D52}") = "RestHandler", "RestHandler\RestHandler.pyproj", "{1A212C38-2207-47ED-B474-9C7FFDD37347}"
EndProject
Global
	GlobalSection(SolutionConfigurationPlatforms) = preSolution
		Debug|Any CPU = Debug|Any CPU
		Debug|x64 = Debug|x64
		Debug|x86 = Debug|x86
		Release|Any CPU = Release|Any CPU
		Release|x64 = Release|x64
		Release|x86 = Release|x86
	EndGlobalSection
	GlobalSection(ProjectConfigurationPlatforms) = postSolution
		{50EB9794-AB25-4E1E-99BC-FCE5F5ED97C9}.Debug|Any CPU.ActiveCfg = Debug|Win32
		{50EB9794-AB25-4E1E-99BC-FCE5F5ED97C9}.Debug|x64.ActiveCfg = Debug|x64
		{50EB9794-AB25-4E1E-99BC-FCE5F5ED97C9}.Debug|x64.Build.0 = Debug|x64
		{50EB9794-AB25-4E1E-99BC-FCE5F5ED97C9}.Debug|x86.ActiveCfg = Debug|Win32
		{50EB9794-AB25-4E1E-99BC-FCE5F5ED97C9}.Debug|x86.Build.0 = Debug|Win32
		{50EB9794-AB25-4E1E-99BC-FCE5F5ED97C9}.Release|Any CPU.ActiveCfg = Release|Win32
		{50EB9794-AB25-4E1E-99BC-FCE5F5ED97C9}.Release|x64.ActiveCfg = Release|x64
		{50EB9794-AB25-4E1E-99BC-FCE5F5ED97C9}.Release|x64.Build.0 = Release|x64
		{50EB9794-AB25-4E1E-99BC-FCE5F5ED97C9}.Release|x86.ActiveCfg = Release|Win32
		{50EB9794-AB25-4E1E-99BC-FCE5F5ED97C9}.Release|x86.Build.0 = Release|Win32
		{1A212C38-2207-47ED-B474-9C7FFDD37347}.Debug|Any CPU.ActiveCfg = Debug|Any CPU
		{1A212C38-2207-47ED-B474-9C7FFDD37347}.Debug|x64.ActiveCfg = Debug|Any CPU
		{1A212C38-2207-47ED-B474-9C7FFDD37347}.Debug|x86.ActiveCfg = Debug|Any CPU
		{1A212C38-2207-47ED-B474-9C7FFDD37347}.Release|Any CPU.ActiveCfg = Release|Any CPU
		{1A212C38-2207-47ED-B474-9C7FFDD37347}.Release|x64.ActiveCfg = Release|Any CPU
		{1A212C38-2207-47ED-B474-9C7FFDD37347}.Release|x86.ActiveCfg = Release|Any CPU
	EndGlobalSection
	GlobalSection(SolutionProperties) = preSolution
		HideSolutionNode = FALSE
	EndGlobalSection
EndGlobal
